
Microsoft Visual Studio Solution File, Format Version 12.00
# Visual Studio Version 17
VisualStudioVersion = 17.3.32811.315
MinimumVisualStudioVersion = 10.0.40219.1
Project("{FAE04EC0-301F-11D3-BF4B-00C04F79EFBC}") = "GEJA_KHC_WEB_API", "GEJA_KHC_WEB_API\GEJA_KHC_WEB_API.csproj", "{0E0F0912-5316-4939-9B27-0A0D49DC9C16}"
EndProject
Project("{FAE04EC0-301F-11D3-BF4B-00C04F79EFBC}") = "GEJA_KHC_WEB", "GEJA_KHC_WEB\GEJA_KHC_WEB.csproj", "{91D4D7B9-37D2-4D50-81D9-48CF406CCF07}"
EndProject
Project("{9A19103F-16F7-4668-BE54-9A1E7A4F7556}") = "GEJA_KHC_MAUI", "GEJA_KHC_MAUI\GEJA_KHC_MAUI.csproj", "{35824AFB-D300-4242-9164-4805FDB3F516}"
EndProject
Global
	GlobalSection(SolutionConfigurationPlatforms) = preSolution
		Debug|Any CPU = Debug|Any CPU
		Release|Any CPU = Release|Any CPU
	EndGlobalSection
	GlobalSection(ProjectConfigurationPlatforms) = postSolution
		{0E0F0912-5316-4939-9B27-0A0D49DC9C16}.Debug|Any CPU.ActiveCfg = Debug|Any CPU
		{0E0F0912-5316-4939-9B27-0A0D49DC9C16}.Debug|Any CPU.Build.0 = Debug|Any CPU
		{0E0F0912-5316-4939-9B27-0A0D49DC9C16}.Release|Any CPU.ActiveCfg = Release|Any CPU
		{0E0F0912-5316-4939-9B27-0A0D49DC9C16}.Release|Any CPU.Build.0 = Release|Any CPU
		{91D4D7B9-37D2-4D50-81D9-48CF406CCF07}.Debug|Any CPU.ActiveCfg = Debug|Any CPU
		{91D4D7B9-37D2-4D50-81D9-48CF406CCF07}.Debug|Any CPU.Build.0 = Debug|Any CPU
		{91D4D7B9-37D2-4D50-81D9-48CF406CCF07}.Release|Any CPU.ActiveCfg = Release|Any CPU
		{91D4D7B9-37D2-4D50-81D9-48CF406CCF07}.Release|Any CPU.Build.0 = Release|Any CPU
		{35824AFB-D300-4242-9164-4805FDB3F516}.Debug|Any CPU.ActiveCfg = Debug|Any CPU
		{35824AFB-D300-4242-9164-4805FDB3F516}.Debug|Any CPU.Build.0 = Debug|Any CPU
		{35824AFB-D300-4242-9164-4805FDB3F516}.Debug|Any CPU.Deploy.0 = Debug|Any CPU
		{35824AFB-D300-4242-9164-4805FDB3F516}.Release|Any CPU.ActiveCfg = Release|Any CPU
		{35824AFB-D300-4242-9164-4805FDB3F516}.Release|Any CPU.Build.0 = Release|Any CPU
		{35824AFB-D300-4242-9164-4805FDB3F516}.Release|Any CPU.Deploy.0 = Release|Any CPU
	EndGlobalSection
	GlobalSection(SolutionProperties) = preSolution
		HideSolutionNode = FALSE
	EndGlobalSection
	GlobalSection(ExtensibilityGlobals) = postSolution
		SolutionGuid = {CFE4D316-9674-4BDC-930A-0B9CFF93EB11}
	EndGlobalSection
EndGlobal
